
Microsoft Visual Studio Solution File, Format Version 12.00
# Visual Studio Version 17
VisualStudioVersion = 17.3.32922.545
MinimumVisualStudioVersion = 10.0.40219.1
Project("{9A19103F-16F7-4668-BE54-9A1E7A4F7556}") = "CrossBrowser.WPF", "CrossBrowser.WPF\CrossBrowser.WPF.csproj", "{C653324F-BAD5-4778-9D9F-188121D175B0}"
EndProject
Project("{9A19103F-16F7-4668-BE54-9A1E7A4F7556}") = "CrossBrowser", "CrossBrowser\CrossBrowser.csproj", "{FA610FF2-3B04-479B-8508-E5B4CF8C5472}"
EndProject
Project("{9A19103F-16F7-4668-BE54-9A1E7A4F7556}") = "CrossBrowser.Test", "CrossBrowser.Test\CrossBrowser.Test.csproj", "{9E5AA470-7E79-4F19-A3D4-BAFFEA449A20}"
EndProject
Project("{2150E333-8FDC-42A3-9474-1A3956D46DE8}") = "CrossBrowser.Native", "CrossBrowser.Native", "{AC6BE8F6-6363-4075-BABF-CA9083607D2E}"
EndProject
Project("{9A19103F-16F7-4668-BE54-9A1E7A4F7556}") = "CrossBrowser.Native.Common", "CrossBrowser.Native\CrossBrowser.Native.Common\CrossBrowser.Native.Common.csproj", "{3D292879-95BA-4513-A5ED-3FE599D4C0C2}"
EndProject
Project("{9A19103F-16F7-4668-BE54-9A1E7A4F7556}") = "CrossBrowser.Native.macOSX", "CrossBrowser.Native\CrossBrowser.Native.macOSX\CrossBrowser.Native.macOSX.csproj", "{A9BF0352-FAC9-468B-9825-F14B914690F5}"
EndProject
Project("{9A19103F-16F7-4668-BE54-9A1E7A4F7556}") = "CrossBrowser.Native.Windows", "CrossBrowser.Native\CrossBrowser.Native.Windows\CrossBrowser.Native.Windows.csproj", "{FD2570EE-A828-44EB-855B-E11B617BD73B}"
EndProject
Project("{9A19103F-16F7-4668-BE54-9A1E7A4F7556}") = "CrossBrowser.Avalonia", "CrossBrowser.Avalonia\CrossBrowser.Avalonia.csproj", "{745B0FE4-83DA-420B-9D80-078C54D3B053}"
EndProject
Global
	GlobalSection(SolutionConfigurationPlatforms) = preSolution
		Avalonia-Mac-Debug|Any CPU = Avalonia-Mac-Debug|Any CPU
		Avalonia-Mac-Release|Any CPU = Avalonia-Mac-Release|Any CPU
		Avalonia-Win-Debug|Any CPU = Avalonia-Win-Debug|Any CPU
		Avalonia-Win-Release|Any CPU = Avalonia-Win-Release|Any CPU
		Debug|Any CPU = Debug|Any CPU
		Debug|ARM = Debug|ARM
		Debug|ARM64 = Debug|ARM64
		Debug|x64 = Debug|x64
		Debug|x86 = Debug|x86
		Release|Any CPU = Release|Any CPU
		Release|ARM = Release|ARM
		Release|ARM64 = Release|ARM64
		Release|x64 = Release|x64
		Release|x86 = Release|x86
		Test-Release|Any CPU = Test-Release|Any CPU
	EndGlobalSection
	GlobalSection(ProjectConfigurationPlatforms) = postSolution
		{C653324F-BAD5-4778-9D9F-188121D175B0}.Debug|Any CPU.ActiveCfg = Debug|Any CPU
		{C653324F-BAD5-4778-9D9F-188121D175B0}.Debug|Any CPU.Build.0 = Debug|Any CPU
		{C653324F-BAD5-4778-9D9F-188121D175B0}.Debug|ARM.ActiveCfg = Debug|Any CPU
		{C653324F-BAD5-4778-9D9F-188121D175B0}.Debug|ARM.Build.0 = Debug|Any CPU
		{C653324F-BAD5-4778-9D9F-188121D175B0}.Debug|ARM64.ActiveCfg = Debug|Any CPU
		{C653324F-BAD5-4778-9D9F-188121D175B0}.Debug|ARM64.Build.0 = Debug|Any CPU
		{C653324F-BAD5-4778-9D9F-188121D175B0}.Debug|x64.ActiveCfg = Debug|Any CPU
		{C653324F-BAD5-4778-9D9F-188121D175B0}.Debug|x64.Build.0 = Debug|Any CPU
		{C653324F-BAD5-4778-9D9F-188121D175B0}.Debug|x86.ActiveCfg = Debug|Any CPU
		{C653324F-BAD5-4778-9D9F-188121D175B0}.Debug|x86.Build.0 = Debug|Any CPU
		{C653324F-BAD5-4778-9D9F-188121D175B0}.Release|Any CPU.ActiveCfg = Release|Any CPU
		{C653324F-BAD5-4778-9D9F-188121D175B0}.Release|Any CPU.Build.0 = Release|Any CPU
		{C653324F-BAD5-4778-9D9F-188121D175B0}.Release|ARM.ActiveCfg = Release|Any CPU
		{C653324F-BAD5-4778-9D9F-188121D175B0}.Release|ARM.Build.0 = Release|Any CPU
		{C653324F-BAD5-4778-9D9F-188121D175B0}.Release|ARM64.ActiveCfg = Release|Any CPU
		{C653324F-BAD5-4778-9D9F-188121D175B0}.Release|ARM64.Build.0 = Release|Any CPU
		{C653324F-BAD5-4778-9D9F-188121D175B0}.Release|x64.ActiveCfg = Release|Any CPU
		{C653324F-BAD5-4778-9D9F-188121D175B0}.Release|x64.Build.0 = Release|Any CPU
		{C653324F-BAD5-4778-9D9F-188121D175B0}.Release|x86.ActiveCfg = Release|Any CPU
		{C653324F-BAD5-4778-9D9F-188121D175B0}.Release|x86.Build.0 = Release|Any CPU
		{FA610FF2-3B04-479B-8508-E5B4CF8C5472}.Avalonia-Mac-Debug|Any CPU.ActiveCfg = Debug|Any CPU
		{FA610FF2-3B04-479B-8508-E5B4CF8C5472}.Avalonia-Mac-Debug|Any CPU.Build.0 = Debug|Any CPU
		{FA610FF2-3B04-479B-8508-E5B4CF8C5472}.Avalonia-Mac-Release|Any CPU.ActiveCfg = Release|Any CPU
		{FA610FF2-3B04-479B-8508-E5B4CF8C5472}.Avalonia-Mac-Release|Any CPU.Build.0 = Release|Any CPU
		{FA610FF2-3B04-479B-8508-E5B4CF8C5472}.Avalonia-Win-Debug|Any CPU.ActiveCfg = Debug|Any CPU
		{FA610FF2-3B04-479B-8508-E5B4CF8C5472}.Avalonia-Win-Debug|Any CPU.Build.0 = Debug|Any CPU
		{FA610FF2-3B04-479B-8508-E5B4CF8C5472}.Avalonia-Win-Release|Any CPU.ActiveCfg = Release|Any CPU
		{FA610FF2-3B04-479B-8508-E5B4CF8C5472}.Avalonia-Win-Release|Any CPU.Build.0 = Release|Any CPU
		{FA610FF2-3B04-479B-8508-E5B4CF8C5472}.Debug|Any CPU.ActiveCfg = Debug|Any CPU
		{FA610FF2-3B04-479B-8508-E5B4CF8C5472}.Debug|Any CPU.Build.0 = Debug|Any CPU
		{FA610FF2-3B04-479B-8508-E5B4CF8C5472}.Debug|ARM.ActiveCfg = Debug|Any CPU
		{FA610FF2-3B04-479B-8508-E5B4CF8C5472}.Debug|ARM.Build.0 = Debug|Any CPU
		{FA610FF2-3B04-479B-8508-E5B4CF8C5472}.Debug|ARM64.ActiveCfg = Debug|Any CPU
		{FA610FF2-3B04-479B-8508-E5B4CF8C5472}.Debug|ARM64.Build.0 = Debug|Any CPU
		{FA610FF2-3B04-479B-8508-E5B4CF8C5472}.Debug|x64.ActiveCfg = Debug|Any CPU
		{FA610FF2-3B04-479B-8508-E5B4CF8C5472}.Debug|x64.Build.0 = Debug|Any CPU
		{FA610FF2-3B04-479B-8508-E5B4CF8C5472}.Debug|x86.ActiveCfg = Debug|Any CPU
		{FA610FF2-3B04-479B-8508-E5B4CF8C5472}.Debug|x86.Build.0 = Debug|Any CPU
		{FA610FF2-3B04-479B-8508-E5B4CF8C5472}.Release|Any CPU.ActiveCfg = Release|Any CPU
		{FA610FF2-3B04-479B-8508-E5B4CF8C5472}.Release|Any CPU.Build.0 = Release|Any CPU
		{FA610FF2-3B04-479B-8508-E5B4CF8C5472}.Release|ARM.ActiveCfg = Release|Any CPU
		{FA610FF2-3B04-479B-8508-E5B4CF8C5472}.Release|ARM.Build.0 = Release|Any CPU
		{FA610FF2-3B04-479B-8508-E5B4CF8C5472}.Release|ARM64.ActiveCfg = Release|Any CPU
		{FA610FF2-3B04-479B-8508-E5B4CF8C5472}.Release|ARM64.Build.0 = Release|Any CPU
		{FA610FF2-3B04-479B-8508-E5B4CF8C5472}.Release|x64.ActiveCfg = Release|Any CPU
		{FA610FF2-3B04-479B-8508-E5B4CF8C5472}.Release|x64.Build.0 = Release|Any CPU
		{FA610FF2-3B04-479B-8508-E5B4CF8C5472}.Release|x86.ActiveCfg = Release|Any CPU
		{FA610FF2-3B04-479B-8508-E5B4CF8C5472}.Release|x86.Build.0 = Release|Any CPU
		{FA610FF2-3B04-479B-8508-E5B4CF8C5472}.Test-Release|Any CPU.ActiveCfg = Release|Any CPU
		{FA610FF2-3B04-479B-8508-E5B4CF8C5472}.Test-Release|Any CPU.Build.0 = Release|Any CPU
		{9E5AA470-7E79-4F19-A3D4-BAFFEA449A20}.Debug|Any CPU.ActiveCfg = Debug|Any CPU
		{9E5AA470-7E79-4F19-A3D4-BAFFEA449A20}.Debug|Any CPU.Build.0 = Debug|Any CPU
		{9E5AA470-7E79-4F19-A3D4-BAFFEA449A20}.Debug|ARM.ActiveCfg = Debug|Any CPU
		{9E5AA470-7E79-4F19-A3D4-BAFFEA449A20}.Debug|ARM.Build.0 = Debug|Any CPU
		{9E5AA470-7E79-4F19-A3D4-BAFFEA449A20}.Debug|ARM64.ActiveCfg = Debug|Any CPU
		{9E5AA470-7E79-4F19-A3D4-BAFFEA449A20}.Debug|ARM64.Build.0 = Debug|Any CPU
		{9E5AA470-7E79-4F19-A3D4-BAFFEA449A20}.Debug|x64.ActiveCfg = Debug|Any CPU
		{9E5AA470-7E79-4F19-A3D4-BAFFEA449A20}.Debug|x64.Build.0 = Debug|Any CPU
		{9E5AA470-7E79-4F19-A3D4-BAFFEA449A20}.Debug|x86.ActiveCfg = Debug|Any CPU
		{9E5AA470-7E79-4F19-A3D4-BAFFEA449A20}.Debug|x86.Build.0 = Debug|Any CPU
		{9E5AA470-7E79-4F19-A3D4-BAFFEA449A20}.Release|Any CPU.ActiveCfg = Release|Any CPU
		{9E5AA470-7E79-4F19-A3D4-BAFFEA449A20}.Release|Any CPU.Build.0 = Release|Any CPU
		{9E5AA470-7E79-4F19-A3D4-BAFFEA449A20}.Release|ARM.ActiveCfg = Release|Any CPU
		{9E5AA470-7E79-4F19-A3D4-BAFFEA449A20}.Release|ARM.Build.0 = Release|Any CPU
		{9E5AA470-7E79-4F19-A3D4-BAFFEA449A20}.Release|ARM64.ActiveCfg = Release|Any CPU
		{9E5AA470-7E79-4F19-A3D4-BAFFEA449A20}.Release|ARM64.Build.0 = Release|Any CPU
		{9E5AA470-7E79-4F19-A3D4-BAFFEA449A20}.Release|x64.ActiveCfg = Release|Any CPU
		{9E5AA470-7E79-4F19-A3D4-BAFFEA449A20}.Release|x64.Build.0 = Release|Any CPU
		{9E5AA470-7E79-4F19-A3D4-BAFFEA449A20}.Release|x86.ActiveCfg = Release|Any CPU
		{9E5AA470-7E79-4F19-A3D4-BAFFEA449A20}.Release|x86.Build.0 = Release|Any CPU
		{9E5AA470-7E79-4F19-A3D4-BAFFEA449A20}.Test-Release|Any CPU.ActiveCfg = Release|Any CPU
		{9E5AA470-7E79-4F19-A3D4-BAFFEA449A20}.Test-Release|Any CPU.Build.0 = Release|Any CPU
		{3D292879-95BA-4513-A5ED-3FE599D4C0C2}.Avalonia-Mac-Debug|Any CPU.ActiveCfg = Debug|Any CPU
		{3D292879-95BA-4513-A5ED-3FE599D4C0C2}.Avalonia-Mac-Debug|Any CPU.Build.0 = Debug|Any CPU
		{3D292879-95BA-4513-A5ED-3FE599D4C0C2}.Avalonia-Win-Debug|Any CPU.ActiveCfg = Debug|Any CPU
		{3D292879-95BA-4513-A5ED-3FE599D4C0C2}.Avalonia-Win-Debug|Any CPU.Build.0 = Debug|Any CPU
		{3D292879-95BA-4513-A5ED-3FE599D4C0C2}.Debug|Any CPU.ActiveCfg = Debug|Any CPU
		{3D292879-95BA-4513-A5ED-3FE599D4C0C2}.Debug|Any CPU.Build.0 = Debug|Any CPU
		{3D292879-95BA-4513-A5ED-3FE599D4C0C2}.Debug|ARM.ActiveCfg = Debug|Any CPU
		{3D292879-95BA-4513-A5ED-3FE599D4C0C2}.Debug|ARM.Build.0 = Debug|Any CPU
		{3D292879-95BA-4513-A5ED-3FE599D4C0C2}.Debug|ARM64.ActiveCfg = Debug|Any CPU
		{3D292879-95BA-4513-A5ED-3FE599D4C0C2}.Debug|ARM64.Build.0 = Debug|Any CPU
		{3D292879-95BA-4513-A5ED-3FE599D4C0C2}.Debug|x64.ActiveCfg = Debug|Any CPU
		{3D292879-95BA-4513-A5ED-3FE599D4C0C2}.Debug|x64.Build.0 = Debug|Any CPU
		{3D292879-95BA-4513-A5ED-3FE599D4C0C2}.Debug|x86.ActiveCfg = Debug|Any CPU
		{3D292879-95BA-4513-A5ED-3FE599D4C0C2}.Debug|x86.Build.0 = Debug|Any CPU
		{3D292879-95BA-4513-A5ED-3FE599D4C0C2}.Release|Any CPU.ActiveCfg = Release|Any CPU
		{3D292879-95BA-4513-A5ED-3FE599D4C0C2}.Release|Any CPU.Build.0 = Release|Any CPU
		{3D292879-95BA-4513-A5ED-3FE599D4C0C2}.Release|ARM.ActiveCfg = Release|Any CPU
		{3D292879-95BA-4513-A5ED-3FE599D4C0C2}.Release|ARM.Build.0 = Release|Any CPU
		{3D292879-95BA-4513-A5ED-3FE599D4C0C2}.Release|ARM64.ActiveCfg = Release|Any CPU
		{3D292879-95BA-4513-A5ED-3FE599D4C0C2}.Release|ARM64.Build.0 = Release|Any CPU
		{3D292879-95BA-4513-A5ED-3FE599D4C0C2}.Release|x64.ActiveCfg = Release|Any CPU
		{3D292879-95BA-4513-A5ED-3FE599D4C0C2}.Release|x64.Build.0 = Release|Any CPU
		{3D292879-95BA-4513-A5ED-3FE599D4C0C2}.Release|x86.ActiveCfg = Release|Any CPU
		{3D292879-95BA-4513-A5ED-3FE599D4C0C2}.Release|x86.Build.0 = Release|Any CPU
		{3D292879-95BA-4513-A5ED-3FE599D4C0C2}.Avalonia-Mac-Release|Any CPU.ActiveCfg = Release|Any CPU
		{3D292879-95BA-4513-A5ED-3FE599D4C0C2}.Avalonia-Mac-Release|Any CPU.Build.0 = Release|Any CPU
		{3D292879-95BA-4513-A5ED-3FE599D4C0C2}.Avalonia-Win-Release|Any CPU.ActiveCfg = Release|Any CPU
		{3D292879-95BA-4513-A5ED-3FE599D4C0C2}.Avalonia-Win-Release|Any CPU.Build.0 = Release|Any CPU
		{A9BF0352-FAC9-468B-9825-F14B914690F5}.Avalonia-Mac-Debug|Any CPU.ActiveCfg = Debug|Any CPU
		{A9BF0352-FAC9-468B-9825-F14B914690F5}.Avalonia-Mac-Debug|Any CPU.Build.0 = Debug|Any CPU
		{A9BF0352-FAC9-468B-9825-F14B914690F5}.Debug|Any CPU.ActiveCfg = Debug|Any CPU
		{A9BF0352-FAC9-468B-9825-F14B914690F5}.Debug|Any CPU.Build.0 = Debug|Any CPU
		{A9BF0352-FAC9-468B-9825-F14B914690F5}.Debug|ARM.ActiveCfg = Debug|Any CPU
		{A9BF0352-FAC9-468B-9825-F14B914690F5}.Debug|ARM.Build.0 = Debug|Any CPU
		{A9BF0352-FAC9-468B-9825-F14B914690F5}.Debug|ARM64.ActiveCfg = Debug|Any CPU
		{A9BF0352-FAC9-468B-9825-F14B914690F5}.Debug|ARM64.Build.0 = Debug|Any CPU
		{A9BF0352-FAC9-468B-9825-F14B914690F5}.Debug|x64.ActiveCfg = Debug|Any CPU
		{A9BF0352-FAC9-468B-9825-F14B914690F5}.Debug|x64.Build.0 = Debug|Any CPU
		{A9BF0352-FAC9-468B-9825-F14B914690F5}.Debug|x86.ActiveCfg = Debug|Any CPU
		{A9BF0352-FAC9-468B-9825-F14B914690F5}.Debug|x86.Build.0 = Debug|Any CPU
		{A9BF0352-FAC9-468B-9825-F14B914690F5}.Release|Any CPU.ActiveCfg = Release|Any CPU
		{A9BF0352-FAC9-468B-9825-F14B914690F5}.Release|Any CPU.Build.0 = Release|Any CPU
		{A9BF0352-FAC9-468B-9825-F14B914690F5}.Release|ARM.ActiveCfg = Release|Any CPU
		{A9BF0352-FAC9-468B-9825-F14B914690F5}.Release|ARM.Build.0 = Release|Any CPU
		{A9BF0352-FAC9-468B-9825-F14B914690F5}.Release|ARM64.ActiveCfg = Release|Any CPU
		{A9BF0352-FAC9-468B-9825-F14B914690F5}.Release|ARM64.Build.0 = Release|Any CPU
		{A9BF0352-FAC9-468B-9825-F14B914690F5}.Release|x64.ActiveCfg = Release|Any CPU
		{A9BF0352-FAC9-468B-9825-F14B914690F5}.Release|x64.Build.0 = Release|Any CPU
		{A9BF0352-FAC9-468B-9825-F14B914690F5}.Release|x86.ActiveCfg = Release|Any CPU
		{A9BF0352-FAC9-468B-9825-F14B914690F5}.Release|x86.Build.0 = Release|Any CPU
		{A9BF0352-FAC9-468B-9825-F14B914690F5}.Avalonia-Mac-Release|Any CPU.ActiveCfg = Release|Any CPU
		{A9BF0352-FAC9-468B-9825-F14B914690F5}.Avalonia-Mac-Release|Any CPU.Build.0 = Release|Any CPU
		{FD2570EE-A828-44EB-855B-E11B617BD73B}.Avalonia-Win-Debug|Any CPU.ActiveCfg = Debug|Any CPU
		{FD2570EE-A828-44EB-855B-E11B617BD73B}.Avalonia-Win-Debug|Any CPU.Build.0 = Debug|Any CPU
		{FD2570EE-A828-44EB-855B-E11B617BD73B}.Debug|Any CPU.ActiveCfg = Debug|Any CPU
		{FD2570EE-A828-44EB-855B-E11B617BD73B}.Debug|Any CPU.Build.0 = Debug|Any CPU
		{FD2570EE-A828-44EB-855B-E11B617BD73B}.Debug|ARM.ActiveCfg = Debug|Any CPU
		{FD2570EE-A828-44EB-855B-E11B617BD73B}.Debug|ARM.Build.0 = Debug|Any CPU
		{FD2570EE-A828-44EB-855B-E11B617BD73B}.Debug|ARM64.ActiveCfg = Debug|Any CPU
		{FD2570EE-A828-44EB-855B-E11B617BD73B}.Debug|ARM64.Build.0 = Debug|Any CPU
		{FD2570EE-A828-44EB-855B-E11B617BD73B}.Debug|x64.ActiveCfg = Debug|Any CPU
		{FD2570EE-A828-44EB-855B-E11B617BD73B}.Debug|x64.Build.0 = Debug|Any CPU
		{FD2570EE-A828-44EB-855B-E11B617BD73B}.Debug|x86.ActiveCfg = Debug|Any CPU
		{FD2570EE-A828-44EB-855B-E11B617BD73B}.Debug|x86.Build.0 = Debug|Any CPU
		{FD2570EE-A828-44EB-855B-E11B617BD73B}.Release|Any CPU.ActiveCfg = Release|Any CPU
		{FD2570EE-A828-44EB-855B-E11B617BD73B}.Release|Any CPU.Build.0 = Release|Any CPU
		{FD2570EE-A828-44EB-855B-E11B617BD73B}.Release|ARM.ActiveCfg = Release|Any CPU
		{FD2570EE-A828-44EB-855B-E11B617BD73B}.Release|ARM.Build.0 = Release|Any CPU
		{FD2570EE-A828-44EB-855B-E11B617BD73B}.Release|ARM64.ActiveCfg = Release|Any CPU
		{FD2570EE-A828-44EB-855B-E11B617BD73B}.Release|ARM64.Build.0 = Release|Any CPU
		{FD2570EE-A828-44EB-855B-E11B617BD73B}.Release|x64.ActiveCfg = Release|Any CPU
		{FD2570EE-A828-44EB-855B-E11B617BD73B}.Release|x64.Build.0 = Release|Any CPU
		{FD2570EE-A828-44EB-855B-E11B617BD73B}.Release|x86.ActiveCfg = Release|Any CPU
		{FD2570EE-A828-44EB-855B-E11B617BD73B}.Release|x86.Build.0 = Release|Any CPU
		{FD2570EE-A828-44EB-855B-E11B617BD73B}.Avalonia-Win-Release|Any CPU.ActiveCfg = Release|Any CPU
		{FD2570EE-A828-44EB-855B-E11B617BD73B}.Avalonia-Win-Release|Any CPU.Build.0 = Release|Any CPU
		{745B0FE4-83DA-420B-9D80-078C54D3B053}.Avalonia-Mac-Debug|Any CPU.ActiveCfg = Avalonia-Mac-Debug|Any CPU
		{745B0FE4-83DA-420B-9D80-078C54D3B053}.Avalonia-Mac-Debug|Any CPU.Build.0 = Avalonia-Mac-Debug|Any CPU
		{745B0FE4-83DA-420B-9D80-078C54D3B053}.Avalonia-Mac-Release|Any CPU.ActiveCfg = Avalonia-Mac-Release|Any CPU
		{745B0FE4-83DA-420B-9D80-078C54D3B053}.Avalonia-Mac-Release|Any CPU.Build.0 = Avalonia-Mac-Release|Any CPU
		{745B0FE4-83DA-420B-9D80-078C54D3B053}.Avalonia-Win-Debug|Any CPU.ActiveCfg = Avalonia-Win-Debug|Any CPU
		{745B0FE4-83DA-420B-9D80-078C54D3B053}.Avalonia-Win-Debug|Any CPU.Build.0 = Avalonia-Win-Debug|Any CPU
		{745B0FE4-83DA-420B-9D80-078C54D3B053}.Avalonia-Win-Release|Any CPU.ActiveCfg = Avalonia-Win-Release|Any CPU
		{745B0FE4-83DA-420B-9D80-078C54D3B053}.Avalonia-Win-Release|Any CPU.Build.0 = Avalonia-Win-Release|Any CPU
		{745B0FE4-83DA-420B-9D80-078C54D3B053}.Debug|Any CPU.ActiveCfg = Debug|Any CPU
		{745B0FE4-83DA-420B-9D80-078C54D3B053}.Debug|Any CPU.Build.0 = Debug|Any CPU
		{745B0FE4-83DA-420B-9D80-078C54D3B053}.Debug|ARM.ActiveCfg = Debug|Any CPU
		{745B0FE4-83DA-420B-9D80-078C54D3B053}.Debug|ARM.Build.0 = Debug|Any CPU
		{745B0FE4-83DA-420B-9D80-078C54D3B053}.Debug|ARM64.ActiveCfg = Debug|Any CPU
		{745B0FE4-83DA-420B-9D80-078C54D3B053}.Debug|ARM64.Build.0 = Debug|Any CPU
		{745B0FE4-83DA-420B-9D80-078C54D3B053}.Debug|x64.ActiveCfg = Debug|Any CPU
		{745B0FE4-83DA-420B-9D80-078C54D3B053}.Debug|x64.Build.0 = Debug|Any CPU
		{745B0FE4-83DA-420B-9D80-078C54D3B053}.Debug|x86.ActiveCfg = Debug|Any CPU
		{745B0FE4-83DA-420B-9D80-078C54D3B053}.Debug|x86.Build.0 = Debug|Any CPU
		{745B0FE4-83DA-420B-9D80-078C54D3B053}.Release|Any CPU.ActiveCfg = Release|Any CPU
		{745B0FE4-83DA-420B-9D80-078C54D3B053}.Release|Any CPU.Build.0 = Release|Any CPU
		{745B0FE4-83DA-420B-9D80-078C54D3B053}.Release|ARM.ActiveCfg = Release|Any CPU
		{745B0FE4-83DA-420B-9D80-078C54D3B053}.Release|ARM.Build.0 = Release|Any CPU
		{745B0FE4-83DA-420B-9D80-078C54D3B053}.Release|ARM64.ActiveCfg = Release|Any CPU
		{745B0FE4-83DA-420B-9D80-078C54D3B053}.Release|ARM64.Build.0 = Release|Any CPU
		{745B0FE4-83DA-420B-9D80-078C54D3B053}.Release|x64.ActiveCfg = Release|Any CPU
		{745B0FE4-83DA-420B-9D80-078C54D3B053}.Release|x64.Build.0 = Release|Any CPU
		{745B0FE4-83DA-420B-9D80-078C54D3B053}.Release|x86.ActiveCfg = Release|Any CPU
		{745B0FE4-83DA-420B-9D80-078C54D3B053}.Release|x86.Build.0 = Release|Any CPU
	EndGlobalSection
	GlobalSection(SolutionProperties) = preSolution
		HideSolutionNode = FALSE
	EndGlobalSection
	GlobalSection(NestedProjects) = preSolution
		{3D292879-95BA-4513-A5ED-3FE599D4C0C2} = {AC6BE8F6-6363-4075-BABF-CA9083607D2E}
		{A9BF0352-FAC9-468B-9825-F14B914690F5} = {AC6BE8F6-6363-4075-BABF-CA9083607D2E}
		{FD2570EE-A828-44EB-855B-E11B617BD73B} = {AC6BE8F6-6363-4075-BABF-CA9083607D2E}
	EndGlobalSection
	GlobalSection(ExtensibilityGlobals) = postSolution
		SolutionGuid = {72189537-D563-4DC2-9AC7-0FEB6B82BF8E}
	EndGlobalSection
EndGlobal
