
Microsoft Visual Studio Solution File, Format Version 12.00
# Visual Studio Version 17
VisualStudioVersion = 17.3.32922.545
MinimumVisualStudioVersion = 10.0.40219.1
Project("{9A19103F-16F7-4668-BE54-9A1E7A4F7556}") = "WebBrowser.WPF", "WebBrowser.WPF\WebBrowser.WPF.csproj", "{C653324F-BAD5-4778-9D9F-188121D175B0}"
EndProject
Project("{9A19103F-16F7-4668-BE54-9A1E7A4F7556}") = "WebBrowser", "WebBrowser\WebBrowser.csproj", "{FA610FF2-3B04-479B-8508-E5B4CF8C5472}"
EndProject
Project("{9A19103F-16F7-4668-BE54-9A1E7A4F7556}") = "WebBrowser.Test", "WebBrowser.Test\WebBrowser.Test.csproj", "{9E5AA470-7E79-4F19-A3D4-BAFFEA449A20}"
EndProject
Project("{FAE04EC0-301F-11D3-BF4B-00C04F79EFBC}") = "WebBrowser.Avalonia", "WebBrowser.Avalonia\WebBrowser.Avalonia\WebBrowser.Avalonia.csproj", "{97664B61-57EC-4038-9480-C6DC36A3B164}"
EndProject
Project("{2150E333-8FDC-42A3-9474-1A3956D46DE8}") = "OSPlatforms", "OSPlatforms", "{AC6BE8F6-6363-4075-BABF-CA9083607D2E}"
EndProject
Project("{2150E333-8FDC-42A3-9474-1A3956D46DE8}") = "UI", "UI", "{5040DF6E-005D-440F-8370-739A010EA2B5}"
EndProject
Project("{FAE04EC0-301F-11D3-BF4B-00C04F79EFBC}") = "WebBrowser.UI.Controls", "WebBrowser.UI.Controls\WebBrowser.UI.Controls.csproj", "{F22DF54F-EDC8-4F3D-9DF9-62C4D2B3C647}"
EndProject
Project("{FAE04EC0-301F-11D3-BF4B-00C04F79EFBC}") = "WebBrowser.macOSX", "WebBrowser.macOSX\WebBrowser.macOSX.csproj", "{D41C152F-F7C1-4990-8692-760A551CC1F6}"
EndProject
Global
	GlobalSection(SolutionConfigurationPlatforms) = preSolution
		Debug|Any CPU = Debug|Any CPU
		Debug|ARM = Debug|ARM
		Debug|ARM64 = Debug|ARM64
		Debug|x64 = Debug|x64
		Debug|x86 = Debug|x86
		Release|Any CPU = Release|Any CPU
		Release|ARM = Release|ARM
		Release|ARM64 = Release|ARM64
		Release|x64 = Release|x64
		Release|x86 = Release|x86
		WPF-Release|Any CPU = WPF-Release|Any CPU
		Test-Release|Any CPU = Test-Release|Any CPU
	EndGlobalSection
	GlobalSection(ProjectConfigurationPlatforms) = postSolution
		{C653324F-BAD5-4778-9D9F-188121D175B0}.Debug|Any CPU.ActiveCfg = Debug|Any CPU
		{C653324F-BAD5-4778-9D9F-188121D175B0}.Debug|Any CPU.Build.0 = Debug|Any CPU
		{C653324F-BAD5-4778-9D9F-188121D175B0}.Debug|ARM.ActiveCfg = Debug|Any CPU
		{C653324F-BAD5-4778-9D9F-188121D175B0}.Debug|ARM.Build.0 = Debug|Any CPU
		{C653324F-BAD5-4778-9D9F-188121D175B0}.Debug|ARM64.ActiveCfg = Debug|Any CPU
		{C653324F-BAD5-4778-9D9F-188121D175B0}.Debug|ARM64.Build.0 = Debug|Any CPU
		{C653324F-BAD5-4778-9D9F-188121D175B0}.Debug|x64.ActiveCfg = Debug|Any CPU
		{C653324F-BAD5-4778-9D9F-188121D175B0}.Debug|x64.Build.0 = Debug|Any CPU
		{C653324F-BAD5-4778-9D9F-188121D175B0}.Debug|x86.ActiveCfg = Debug|Any CPU
		{C653324F-BAD5-4778-9D9F-188121D175B0}.Debug|x86.Build.0 = Debug|Any CPU
		{C653324F-BAD5-4778-9D9F-188121D175B0}.Release|Any CPU.ActiveCfg = Release|Any CPU
		{C653324F-BAD5-4778-9D9F-188121D175B0}.Release|Any CPU.Build.0 = Release|Any CPU
		{C653324F-BAD5-4778-9D9F-188121D175B0}.Release|ARM.ActiveCfg = Release|Any CPU
		{C653324F-BAD5-4778-9D9F-188121D175B0}.Release|ARM.Build.0 = Release|Any CPU
		{C653324F-BAD5-4778-9D9F-188121D175B0}.Release|ARM64.ActiveCfg = Release|Any CPU
		{C653324F-BAD5-4778-9D9F-188121D175B0}.Release|ARM64.Build.0 = Release|Any CPU
		{C653324F-BAD5-4778-9D9F-188121D175B0}.Release|x64.ActiveCfg = Release|Any CPU
		{C653324F-BAD5-4778-9D9F-188121D175B0}.Release|x64.Build.0 = Release|Any CPU
		{C653324F-BAD5-4778-9D9F-188121D175B0}.Release|x86.ActiveCfg = Release|Any CPU
		{C653324F-BAD5-4778-9D9F-188121D175B0}.Release|x86.Build.0 = Release|Any CPU
		{C653324F-BAD5-4778-9D9F-188121D175B0}.WPF-Release|Any CPU.ActiveCfg = WPF-Release|Any CPU
		{C653324F-BAD5-4778-9D9F-188121D175B0}.WPF-Release|Any CPU.Build.0 = WPF-Release|Any CPU
		{C653324F-BAD5-4778-9D9F-188121D175B0}.Test-Release|Any CPU.ActiveCfg = Test-Release|Any CPU
		{FA610FF2-3B04-479B-8508-E5B4CF8C5472}.Debug|Any CPU.ActiveCfg = Debug|Any CPU
		{FA610FF2-3B04-479B-8508-E5B4CF8C5472}.Debug|Any CPU.Build.0 = Debug|Any CPU
		{FA610FF2-3B04-479B-8508-E5B4CF8C5472}.Debug|ARM.ActiveCfg = Debug|Any CPU
		{FA610FF2-3B04-479B-8508-E5B4CF8C5472}.Debug|ARM.Build.0 = Debug|Any CPU
		{FA610FF2-3B04-479B-8508-E5B4CF8C5472}.Debug|ARM64.ActiveCfg = Debug|Any CPU
		{FA610FF2-3B04-479B-8508-E5B4CF8C5472}.Debug|ARM64.Build.0 = Debug|Any CPU
		{FA610FF2-3B04-479B-8508-E5B4CF8C5472}.Debug|x64.ActiveCfg = Debug|Any CPU
		{FA610FF2-3B04-479B-8508-E5B4CF8C5472}.Debug|x64.Build.0 = Debug|Any CPU
		{FA610FF2-3B04-479B-8508-E5B4CF8C5472}.Debug|x86.ActiveCfg = Debug|Any CPU
		{FA610FF2-3B04-479B-8508-E5B4CF8C5472}.Debug|x86.Build.0 = Debug|Any CPU
		{FA610FF2-3B04-479B-8508-E5B4CF8C5472}.Release|Any CPU.ActiveCfg = Release|Any CPU
		{FA610FF2-3B04-479B-8508-E5B4CF8C5472}.Release|Any CPU.Build.0 = Release|Any CPU
		{FA610FF2-3B04-479B-8508-E5B4CF8C5472}.Release|ARM.ActiveCfg = Release|Any CPU
		{FA610FF2-3B04-479B-8508-E5B4CF8C5472}.Release|ARM.Build.0 = Release|Any CPU
		{FA610FF2-3B04-479B-8508-E5B4CF8C5472}.Release|ARM64.ActiveCfg = Release|Any CPU
		{FA610FF2-3B04-479B-8508-E5B4CF8C5472}.Release|ARM64.Build.0 = Release|Any CPU
		{FA610FF2-3B04-479B-8508-E5B4CF8C5472}.Release|x64.ActiveCfg = Release|Any CPU
		{FA610FF2-3B04-479B-8508-E5B4CF8C5472}.Release|x64.Build.0 = Release|Any CPU
		{FA610FF2-3B04-479B-8508-E5B4CF8C5472}.Release|x86.ActiveCfg = Release|Any CPU
		{FA610FF2-3B04-479B-8508-E5B4CF8C5472}.Release|x86.Build.0 = Release|Any CPU
		{FA610FF2-3B04-479B-8508-E5B4CF8C5472}.WPF-Release|Any CPU.ActiveCfg = WPF-Release|Any CPU
		{FA610FF2-3B04-479B-8508-E5B4CF8C5472}.WPF-Release|Any CPU.Build.0 = WPF-Release|Any CPU
		{FA610FF2-3B04-479B-8508-E5B4CF8C5472}.Test-Release|Any CPU.ActiveCfg = Test-Release|Any CPU
		{FA610FF2-3B04-479B-8508-E5B4CF8C5472}.Test-Release|Any CPU.Build.0 = Test-Release|Any CPU
		{9E5AA470-7E79-4F19-A3D4-BAFFEA449A20}.Debug|Any CPU.ActiveCfg = Debug|Any CPU
		{9E5AA470-7E79-4F19-A3D4-BAFFEA449A20}.Debug|Any CPU.Build.0 = Debug|Any CPU
		{9E5AA470-7E79-4F19-A3D4-BAFFEA449A20}.Debug|ARM.ActiveCfg = Debug|Any CPU
		{9E5AA470-7E79-4F19-A3D4-BAFFEA449A20}.Debug|ARM.Build.0 = Debug|Any CPU
		{9E5AA470-7E79-4F19-A3D4-BAFFEA449A20}.Debug|ARM64.ActiveCfg = Debug|Any CPU
		{9E5AA470-7E79-4F19-A3D4-BAFFEA449A20}.Debug|ARM64.Build.0 = Debug|Any CPU
		{9E5AA470-7E79-4F19-A3D4-BAFFEA449A20}.Debug|x64.ActiveCfg = Debug|Any CPU
		{9E5AA470-7E79-4F19-A3D4-BAFFEA449A20}.Debug|x64.Build.0 = Debug|Any CPU
		{9E5AA470-7E79-4F19-A3D4-BAFFEA449A20}.Debug|x86.ActiveCfg = Debug|Any CPU
		{9E5AA470-7E79-4F19-A3D4-BAFFEA449A20}.Debug|x86.Build.0 = Debug|Any CPU
		{9E5AA470-7E79-4F19-A3D4-BAFFEA449A20}.Release|Any CPU.ActiveCfg = Release|Any CPU
		{9E5AA470-7E79-4F19-A3D4-BAFFEA449A20}.Release|Any CPU.Build.0 = Release|Any CPU
		{9E5AA470-7E79-4F19-A3D4-BAFFEA449A20}.Release|ARM.ActiveCfg = Release|Any CPU
		{9E5AA470-7E79-4F19-A3D4-BAFFEA449A20}.Release|ARM.Build.0 = Release|Any CPU
		{9E5AA470-7E79-4F19-A3D4-BAFFEA449A20}.Release|ARM64.ActiveCfg = Release|Any CPU
		{9E5AA470-7E79-4F19-A3D4-BAFFEA449A20}.Release|ARM64.Build.0 = Release|Any CPU
		{9E5AA470-7E79-4F19-A3D4-BAFFEA449A20}.Release|x64.ActiveCfg = Release|Any CPU
		{9E5AA470-7E79-4F19-A3D4-BAFFEA449A20}.Release|x64.Build.0 = Release|Any CPU
		{9E5AA470-7E79-4F19-A3D4-BAFFEA449A20}.Release|x86.ActiveCfg = Release|Any CPU
		{9E5AA470-7E79-4F19-A3D4-BAFFEA449A20}.Release|x86.Build.0 = Release|Any CPU
		{9E5AA470-7E79-4F19-A3D4-BAFFEA449A20}.WPF-Release|Any CPU.ActiveCfg = WPF-Release|Any CPU
		{9E5AA470-7E79-4F19-A3D4-BAFFEA449A20}.Test-Release|Any CPU.ActiveCfg = Test-Release|Any CPU
		{9E5AA470-7E79-4F19-A3D4-BAFFEA449A20}.Test-Release|Any CPU.Build.0 = Test-Release|Any CPU
		{97664B61-57EC-4038-9480-C6DC36A3B164}.Debug|Any CPU.ActiveCfg = Debug|Any CPU
		{97664B61-57EC-4038-9480-C6DC36A3B164}.Debug|Any CPU.Build.0 = Debug|Any CPU
		{97664B61-57EC-4038-9480-C6DC36A3B164}.Debug|ARM.ActiveCfg = Debug|Any CPU
		{97664B61-57EC-4038-9480-C6DC36A3B164}.Debug|ARM.Build.0 = Debug|Any CPU
		{97664B61-57EC-4038-9480-C6DC36A3B164}.Debug|ARM64.ActiveCfg = Debug|Any CPU
		{97664B61-57EC-4038-9480-C6DC36A3B164}.Debug|ARM64.Build.0 = Debug|Any CPU
		{97664B61-57EC-4038-9480-C6DC36A3B164}.Debug|x64.ActiveCfg = Debug|Any CPU
		{97664B61-57EC-4038-9480-C6DC36A3B164}.Debug|x64.Build.0 = Debug|Any CPU
		{97664B61-57EC-4038-9480-C6DC36A3B164}.Debug|x86.ActiveCfg = Debug|Any CPU
		{97664B61-57EC-4038-9480-C6DC36A3B164}.Debug|x86.Build.0 = Debug|Any CPU
		{97664B61-57EC-4038-9480-C6DC36A3B164}.Release|Any CPU.ActiveCfg = Release|Any CPU
		{97664B61-57EC-4038-9480-C6DC36A3B164}.Release|Any CPU.Build.0 = Release|Any CPU
		{97664B61-57EC-4038-9480-C6DC36A3B164}.Release|ARM.ActiveCfg = Release|Any CPU
		{97664B61-57EC-4038-9480-C6DC36A3B164}.Release|ARM.Build.0 = Release|Any CPU
		{97664B61-57EC-4038-9480-C6DC36A3B164}.Release|ARM64.ActiveCfg = Release|Any CPU
		{97664B61-57EC-4038-9480-C6DC36A3B164}.Release|ARM64.Build.0 = Release|Any CPU
		{97664B61-57EC-4038-9480-C6DC36A3B164}.Release|x64.ActiveCfg = Release|Any CPU
		{97664B61-57EC-4038-9480-C6DC36A3B164}.Release|x64.Build.0 = Release|Any CPU
		{97664B61-57EC-4038-9480-C6DC36A3B164}.Release|x86.ActiveCfg = Release|Any CPU
		{97664B61-57EC-4038-9480-C6DC36A3B164}.Release|x86.Build.0 = Release|Any CPU
		{97664B61-57EC-4038-9480-C6DC36A3B164}.WPF-Release|Any CPU.ActiveCfg = WPF-Release|Any CPU
		{97664B61-57EC-4038-9480-C6DC36A3B164}.Test-Release|Any CPU.ActiveCfg = Test-Release|Any CPU
		{F22DF54F-EDC8-4F3D-9DF9-62C4D2B3C647}.Debug|Any CPU.ActiveCfg = Debug|Any CPU
		{F22DF54F-EDC8-4F3D-9DF9-62C4D2B3C647}.Debug|Any CPU.Build.0 = Debug|Any CPU
		{F22DF54F-EDC8-4F3D-9DF9-62C4D2B3C647}.Debug|ARM.ActiveCfg = Debug|Any CPU
		{F22DF54F-EDC8-4F3D-9DF9-62C4D2B3C647}.Debug|ARM.Build.0 = Debug|Any CPU
		{F22DF54F-EDC8-4F3D-9DF9-62C4D2B3C647}.Debug|ARM64.ActiveCfg = Debug|Any CPU
		{F22DF54F-EDC8-4F3D-9DF9-62C4D2B3C647}.Debug|ARM64.Build.0 = Debug|Any CPU
		{F22DF54F-EDC8-4F3D-9DF9-62C4D2B3C647}.Debug|x64.ActiveCfg = Debug|Any CPU
		{F22DF54F-EDC8-4F3D-9DF9-62C4D2B3C647}.Debug|x64.Build.0 = Debug|Any CPU
		{F22DF54F-EDC8-4F3D-9DF9-62C4D2B3C647}.Debug|x86.ActiveCfg = Debug|Any CPU
		{F22DF54F-EDC8-4F3D-9DF9-62C4D2B3C647}.Debug|x86.Build.0 = Debug|Any CPU
		{F22DF54F-EDC8-4F3D-9DF9-62C4D2B3C647}.Release|Any CPU.ActiveCfg = Release|Any CPU
		{F22DF54F-EDC8-4F3D-9DF9-62C4D2B3C647}.Release|Any CPU.Build.0 = Release|Any CPU
		{F22DF54F-EDC8-4F3D-9DF9-62C4D2B3C647}.Release|ARM.ActiveCfg = Release|Any CPU
		{F22DF54F-EDC8-4F3D-9DF9-62C4D2B3C647}.Release|ARM.Build.0 = Release|Any CPU
		{F22DF54F-EDC8-4F3D-9DF9-62C4D2B3C647}.Release|ARM64.ActiveCfg = Release|Any CPU
		{F22DF54F-EDC8-4F3D-9DF9-62C4D2B3C647}.Release|ARM64.Build.0 = Release|Any CPU
		{F22DF54F-EDC8-4F3D-9DF9-62C4D2B3C647}.Release|x64.ActiveCfg = Release|Any CPU
		{F22DF54F-EDC8-4F3D-9DF9-62C4D2B3C647}.Release|x64.Build.0 = Release|Any CPU
		{F22DF54F-EDC8-4F3D-9DF9-62C4D2B3C647}.Release|x86.ActiveCfg = Release|Any CPU
		{F22DF54F-EDC8-4F3D-9DF9-62C4D2B3C647}.Release|x86.Build.0 = Release|Any CPU
		{F22DF54F-EDC8-4F3D-9DF9-62C4D2B3C647}.WPF-Release|Any CPU.ActiveCfg = WPF-Release|Any CPU
		{F22DF54F-EDC8-4F3D-9DF9-62C4D2B3C647}.WPF-Release|Any CPU.Build.0 = WPF-Release|Any CPU
		{F22DF54F-EDC8-4F3D-9DF9-62C4D2B3C647}.Test-Release|Any CPU.ActiveCfg = Test-Release|Any CPU
		{D41C152F-F7C1-4990-8692-760A551CC1F6}.Debug|Any CPU.ActiveCfg = Debug|Any CPU
		{D41C152F-F7C1-4990-8692-760A551CC1F6}.Debug|Any CPU.Build.0 = Debug|Any CPU
		{D41C152F-F7C1-4990-8692-760A551CC1F6}.Debug|ARM.ActiveCfg = Debug|Any CPU
		{D41C152F-F7C1-4990-8692-760A551CC1F6}.Debug|ARM.Build.0 = Debug|Any CPU
		{D41C152F-F7C1-4990-8692-760A551CC1F6}.Debug|ARM64.ActiveCfg = Debug|Any CPU
		{D41C152F-F7C1-4990-8692-760A551CC1F6}.Debug|ARM64.Build.0 = Debug|Any CPU
		{D41C152F-F7C1-4990-8692-760A551CC1F6}.Debug|x64.ActiveCfg = Debug|Any CPU
		{D41C152F-F7C1-4990-8692-760A551CC1F6}.Debug|x64.Build.0 = Debug|Any CPU
		{D41C152F-F7C1-4990-8692-760A551CC1F6}.Debug|x86.ActiveCfg = Debug|Any CPU
		{D41C152F-F7C1-4990-8692-760A551CC1F6}.Debug|x86.Build.0 = Debug|Any CPU
		{D41C152F-F7C1-4990-8692-760A551CC1F6}.Release|Any CPU.ActiveCfg = Release|Any CPU
		{D41C152F-F7C1-4990-8692-760A551CC1F6}.Release|Any CPU.Build.0 = Release|Any CPU
		{D41C152F-F7C1-4990-8692-760A551CC1F6}.Release|ARM.ActiveCfg = Release|Any CPU
		{D41C152F-F7C1-4990-8692-760A551CC1F6}.Release|ARM.Build.0 = Release|Any CPU
		{D41C152F-F7C1-4990-8692-760A551CC1F6}.Release|ARM64.ActiveCfg = Release|Any CPU
		{D41C152F-F7C1-4990-8692-760A551CC1F6}.Release|ARM64.Build.0 = Release|Any CPU
		{D41C152F-F7C1-4990-8692-760A551CC1F6}.Release|x64.ActiveCfg = Release|Any CPU
		{D41C152F-F7C1-4990-8692-760A551CC1F6}.Release|x64.Build.0 = Release|Any CPU
		{D41C152F-F7C1-4990-8692-760A551CC1F6}.Release|x86.ActiveCfg = Release|Any CPU
		{D41C152F-F7C1-4990-8692-760A551CC1F6}.Release|x86.Build.0 = Release|Any CPU
		{D41C152F-F7C1-4990-8692-760A551CC1F6}.WPF-Release|Any CPU.ActiveCfg = WPF-Release|Any CPU
		{D41C152F-F7C1-4990-8692-760A551CC1F6}.Test-Release|Any CPU.ActiveCfg = Test-Release|Any CPU
	EndGlobalSection
	GlobalSection(SolutionProperties) = preSolution
		HideSolutionNode = FALSE
	EndGlobalSection
	GlobalSection(ExtensibilityGlobals) = postSolution
		SolutionGuid = {72189537-D563-4DC2-9AC7-0FEB6B82BF8E}
	EndGlobalSection
	GlobalSection(NestedProjects) = preSolution
		{F22DF54F-EDC8-4F3D-9DF9-62C4D2B3C647} = {5040DF6E-005D-440F-8370-739A010EA2B5}
		{D41C152F-F7C1-4990-8692-760A551CC1F6} = {AC6BE8F6-6363-4075-BABF-CA9083607D2E}
	EndGlobalSection
EndGlobal
